
Microsoft Visual Studio Solution File, Format Version 12.00
# Visual Studio Version 17
VisualStudioVersion = 17.8.34330.188
MinimumVisualStudioVersion = 10.0.40219.1
Project("{FAE04EC0-301F-11D3-BF4B-00C04F79EFBC}") = "PL", "PL\PL.csproj", "{AEAAE57E-01DE-46C0-9EE6-B777D03174F8}"
EndProject
Global
	GlobalSection(SolutionConfigurationPlatforms) = preSolution
		Debug|Any CPU = Debug|Any CPU
		Release|Any CPU = Release|Any CPU
	EndGlobalSection
	GlobalSection(ProjectConfigurationPlatforms) = postSolution
		{AEAAE57E-01DE-46C0-9EE6-B777D03174F8}.Debug|Any CPU.ActiveCfg = Debug|Any CPU
		{AEAAE57E-01DE-46C0-9EE6-B777D03174F8}.Debug|Any CPU.Build.0 = Debug|Any CPU
		{AEAAE57E-01DE-46C0-9EE6-B777D03174F8}.Release|Any CPU.ActiveCfg = Release|Any CPU
		{AEAAE57E-01DE-46C0-9EE6-B777D03174F8}.Release|Any CPU.Build.0 = Release|Any CPU
	EndGlobalSection
	GlobalSection(SolutionProperties) = preSolution
		HideSolutionNode = FALSE
	EndGlobalSection
	GlobalSection(ExtensibilityGlobals) = postSolution
		SolutionGuid = {315B7E09-71D8-407C-A67A-6F855FD94837}
	EndGlobalSection
EndGlobal
